
Microsoft Visual Studio Solution File, Format Version 12.00
# Visual Studio Version 17
VisualStudioVersion = 17.0.31903.59
MinimumVisualStudioVersion = 10.0.40219.1
Project("{2150E333-8FDC-42A3-9474-1A3956D46DE8}") = "Shared", "Shared", "{B24ADF68-A868-4861-8F8C-0A47622B8C5F}"
EndProject
Project("{FAE04EC0-301F-11D3-BF4B-00C04F79EFBC}") = "HotelOS.Shared.Contracts", "Shared\HotelOS.Shared.Contracts\HotelOS.Shared.Contracts.csproj", "{68B58FF6-8125-44E4-A210-0C7078210CC8}"
EndProject
Project("{FAE04EC0-301F-11D3-BF4B-00C04F79EFBC}") = "HotelOS.Shared.Messaging", "Shared\HotelOS.Shared.Messaging\HotelOS.Shared.Messaging.csproj", "{4C26B7F7-A3C2-4E3B-BD15-734942406414}"
EndProject
Project("{2150E333-8FDC-42A3-9474-1A3956D46DE8}") = "ApiGateway", "ApiGateway", "{09D4F9DE-A417-42D8-85A2-332E88DCD263}"
EndProject
Project("{FAE04EC0-301F-11D3-BF4B-00C04F79EFBC}") = "HotelOS.ApiGateway", "ApiGateway\HotelOS.ApiGateway\HotelOS.ApiGateway.csproj", "{EE1DEFB5-7351-4E33-9D7D-21018DEC94FC}"
EndProject
Project("{2150E333-8FDC-42A3-9474-1A3956D46DE8}") = "Services", "Services", "{FCCBE787-45D8-453F-A519-D275C37FF996}"
EndProject
Project("{2150E333-8FDC-42A3-9474-1A3956D46DE8}") = "Identity", "Identity", "{E46CC7DB-4C07-45BD-B766-380EE2A9CB81}"
EndProject
Project("{FAE04EC0-301F-11D3-BF4B-00C04F79EFBC}") = "HotelOS.Identity.API", "Services\Identity\HotelOS.Identity.API\HotelOS.Identity.API.csproj", "{7C23D413-45D6-454C-9A12-E9B696400ADF}"
EndProject
Project("{FAE04EC0-301F-11D3-BF4B-00C04F79EFBC}") = "HotelOS.Identity.Core", "Services\Identity\HotelOS.Identity.Core\HotelOS.Identity.Core.csproj", "{1821DF39-6946-4F8B-9D9A-9AD562ABEF54}"
EndProject
Project("{FAE04EC0-301F-11D3-BF4B-00C04F79EFBC}") = "HotelOS.Identity.Infrastructure", "Services\Identity\HotelOS.Identity.Infrastructure\HotelOS.Identity.Infrastructure.csproj", "{5D86C105-C9B1-424A-ADE2-70396AE34B1D}"
EndProject
Project("{2150E333-8FDC-42A3-9474-1A3956D46DE8}") = "Reception", "Reception", "{2E049037-A829-4186-8776-13EA8177299A}"
EndProject
Project("{FAE04EC0-301F-11D3-BF4B-00C04F79EFBC}") = "HotelOS.Reception.API", "Services\Reception\HotelOS.Reception.API\HotelOS.Reception.API.csproj", "{157D1E04-EA59-4FFD-8F2A-1E5A6735C943}"
EndProject
Project("{FAE04EC0-301F-11D3-BF4B-00C04F79EFBC}") = "HotelOS.Reception.Core", "Services\Reception\HotelOS.Reception.Core\HotelOS.Reception.Core.csproj", "{6C18FEE3-BC90-4CF1-BB36-DC366C4CBBD0}"
EndProject
Project("{FAE04EC0-301F-11D3-BF4B-00C04F79EFBC}") = "HotelOS.Reception.Infrastructure", "Services\Reception\HotelOS.Reception.Infrastructure\HotelOS.Reception.Infrastructure.csproj", "{3482B846-48F1-4ECA-B2F2-5BF9C7B9E60D}"
EndProject
Project("{2150E333-8FDC-42A3-9474-1A3956D46DE8}") = "Payment", "Payment", "{D8CC9596-D0AB-4183-8FA7-0B767C6F5FBC}"
EndProject
Project("{FAE04EC0-301F-11D3-BF4B-00C04F79EFBC}") = "HotelOS.Payment.API", "Services\Payment\HotelOS.Payment.API\HotelOS.Payment.API.csproj", "{EA7940DF-62D5-44BA-BE31-8E54DE210717}"
EndProject
Project("{FAE04EC0-301F-11D3-BF4B-00C04F79EFBC}") = "HotelOS.Payment.Core", "Services\Payment\HotelOS.Payment.Core\HotelOS.Payment.Core.csproj", "{7F75D3E3-D4D4-4F58-95AA-7C26668423E1}"
EndProject
Project("{FAE04EC0-301F-11D3-BF4B-00C04F79EFBC}") = "HotelOS.Payment.Infrastructure", "Services\Payment\HotelOS.Payment.Infrastructure\HotelOS.Payment.Infrastructure.csproj", "{C3A85E7F-C3A4-4150-AF4F-B84C86F26DF4}"
EndProject
Project("{2150E333-8FDC-42A3-9474-1A3956D46DE8}") = "RoomService", "RoomService", "{F85CB262-C24B-44AC-B812-E9889373AD83}"
EndProject
Project("{FAE04EC0-301F-11D3-BF4B-00C04F79EFBC}") = "HotelOS.RoomService.API", "Services\RoomService\HotelOS.RoomService.API\HotelOS.RoomService.API.csproj", "{FC6F697E-FC30-421A-8AD3-B8816956A8EE}"
EndProject
Project("{FAE04EC0-301F-11D3-BF4B-00C04F79EFBC}") = "HotelOS.RoomService.Core", "Services\RoomService\HotelOS.RoomService.Core\HotelOS.RoomService.Core.csproj", "{012A9B84-693F-436F-8B2C-0A7D435D5168}"
EndProject
Project("{FAE04EC0-301F-11D3-BF4B-00C04F79EFBC}") = "HotelOS.RoomService.Infrastructure", "Services\RoomService\HotelOS.RoomService.Infrastructure\HotelOS.RoomService.Infrastructure.csproj", "{1A5C0F21-BB02-40BE-A8B2-D5D711E5B3D0}"
EndProject
Project("{2150E333-8FDC-42A3-9474-1A3956D46DE8}") = "Housekeeping", "Housekeeping", "{DEE6875B-70CF-461B-88FB-2E548F6F762C}"
EndProject
Project("{FAE04EC0-301F-11D3-BF4B-00C04F79EFBC}") = "HotelOS.Housekeeping.API", "Services\Housekeeping\HotelOS.Housekeeping.API\HotelOS.Housekeeping.API.csproj", "{BAEA0E02-A911-43C6-BC7A-318E5A3EAE3D}"
EndProject
Project("{FAE04EC0-301F-11D3-BF4B-00C04F79EFBC}") = "HotelOS.Housekeeping.Core", "Services\Housekeeping\HotelOS.Housekeeping.Core\HotelOS.Housekeeping.Core.csproj", "{1A478375-28D5-4AD0-A5BE-5B8361FE639A}"
EndProject
Project("{FAE04EC0-301F-11D3-BF4B-00C04F79EFBC}") = "HotelOS.Housekeeping.Infrastructure", "Services\Housekeeping\HotelOS.Housekeeping.Infrastructure\HotelOS.Housekeeping.Infrastructure.csproj", "{E32E7D82-4CB2-4D52-95A7-78EF9093E36B}"
EndProject
Project("{2150E333-8FDC-42A3-9474-1A3956D46DE8}") = "Maintenance", "Maintenance", "{5E7008EB-3A0E-4129-B23D-6569F521336B}"
EndProject
Project("{FAE04EC0-301F-11D3-BF4B-00C04F79EFBC}") = "HotelOS.Maintenance.API", "Services\Maintenance\HotelOS.Maintenance.API\HotelOS.Maintenance.API.csproj", "{C26B6F01-8DAD-4B89-82E0-63E836479648}"
EndProject
Project("{FAE04EC0-301F-11D3-BF4B-00C04F79EFBC}") = "HotelOS.Maintenance.Core", "Services\Maintenance\HotelOS.Maintenance.Core\HotelOS.Maintenance.Core.csproj", "{7EA17F7E-7E42-4C29-8D11-97728F23838B}"
EndProject
Project("{FAE04EC0-301F-11D3-BF4B-00C04F79EFBC}") = "HotelOS.Maintenance.Infrastructure", "Services\Maintenance\HotelOS.Maintenance.Infrastructure\HotelOS.Maintenance.Infrastructure.csproj", "{90F34181-22D0-4751-B630-F6460D0F061C}"
EndProject
Project("{2150E333-8FDC-42A3-9474-1A3956D46DE8}") = "Notification", "Notification", "{1C5D17A3-B3F4-44D1-83D0-FE125E359C77}"
EndProject
Project("{FAE04EC0-301F-11D3-BF4B-00C04F79EFBC}") = "HotelOS.Notification.API", "Services\Notification\HotelOS.Notification.API\HotelOS.Notification.API.csproj", "{5DF73476-2BDA-48E2-9B9D-AF8D4980C59A}"
EndProject
Project("{FAE04EC0-301F-11D3-BF4B-00C04F79EFBC}") = "HotelOS.Notification.Core", "Services\Notification\HotelOS.Notification.Core\HotelOS.Notification.Core.csproj", "{7A306426-9474-418C-A994-A393050CA90C}"
EndProject
Global
	GlobalSection(SolutionConfigurationPlatforms) = preSolution
		Debug|Any CPU = Debug|Any CPU
		Release|Any CPU = Release|Any CPU
	EndGlobalSection
	GlobalSection(SolutionProperties) = preSolution
		HideSolutionNode = FALSE
	EndGlobalSection
	GlobalSection(ProjectConfigurationPlatforms) = postSolution
		{68B58FF6-8125-44E4-A210-0C7078210CC8}.Debug|Any CPU.ActiveCfg = Debug|Any CPU
		{68B58FF6-8125-44E4-A210-0C7078210CC8}.Debug|Any CPU.Build.0 = Debug|Any CPU
		{68B58FF6-8125-44E4-A210-0C7078210CC8}.Release|Any CPU.ActiveCfg = Release|Any CPU
		{68B58FF6-8125-44E4-A210-0C7078210CC8}.Release|Any CPU.Build.0 = Release|Any CPU
		{4C26B7F7-A3C2-4E3B-BD15-734942406414}.Debug|Any CPU.ActiveCfg = Debug|Any CPU
		{4C26B7F7-A3C2-4E3B-BD15-734942406414}.Debug|Any CPU.Build.0 = Debug|Any CPU
		{4C26B7F7-A3C2-4E3B-BD15-734942406414}.Release|Any CPU.ActiveCfg = Release|Any CPU
		{4C26B7F7-A3C2-4E3B-BD15-734942406414}.Release|Any CPU.Build.0 = Release|Any CPU
		{EE1DEFB5-7351-4E33-9D7D-21018DEC94FC}.Debug|Any CPU.ActiveCfg = Debug|Any CPU
		{EE1DEFB5-7351-4E33-9D7D-21018DEC94FC}.Debug|Any CPU.Build.0 = Debug|Any CPU
		{EE1DEFB5-7351-4E33-9D7D-21018DEC94FC}.Release|Any CPU.ActiveCfg = Release|Any CPU
		{EE1DEFB5-7351-4E33-9D7D-21018DEC94FC}.Release|Any CPU.Build.0 = Release|Any CPU
		{7C23D413-45D6-454C-9A12-E9B696400ADF}.Debug|Any CPU.ActiveCfg = Debug|Any CPU
		{7C23D413-45D6-454C-9A12-E9B696400ADF}.Debug|Any CPU.Build.0 = Debug|Any CPU
		{7C23D413-45D6-454C-9A12-E9B696400ADF}.Release|Any CPU.ActiveCfg = Release|Any CPU
		{7C23D413-45D6-454C-9A12-E9B696400ADF}.Release|Any CPU.Build.0 = Release|Any CPU
		{1821DF39-6946-4F8B-9D9A-9AD562ABEF54}.Debug|Any CPU.ActiveCfg = Debug|Any CPU
		{1821DF39-6946-4F8B-9D9A-9AD562ABEF54}.Debug|Any CPU.Build.0 = Debug|Any CPU
		{1821DF39-6946-4F8B-9D9A-9AD562ABEF54}.Release|Any CPU.ActiveCfg = Release|Any CPU
		{1821DF39-6946-4F8B-9D9A-9AD562ABEF54}.Release|Any CPU.Build.0 = Release|Any CPU
		{5D86C105-C9B1-424A-ADE2-70396AE34B1D}.Debug|Any CPU.ActiveCfg = Debug|Any CPU
		{5D86C105-C9B1-424A-ADE2-70396AE34B1D}.Debug|Any CPU.Build.0 = Debug|Any CPU
		{5D86C105-C9B1-424A-ADE2-70396AE34B1D}.Release|Any CPU.ActiveCfg = Release|Any CPU
		{5D86C105-C9B1-424A-ADE2-70396AE34B1D}.Release|Any CPU.Build.0 = Release|Any CPU
		{157D1E04-EA59-4FFD-8F2A-1E5A6735C943}.Debug|Any CPU.ActiveCfg = Debug|Any CPU
		{157D1E04-EA59-4FFD-8F2A-1E5A6735C943}.Debug|Any CPU.Build.0 = Debug|Any CPU
		{157D1E04-EA59-4FFD-8F2A-1E5A6735C943}.Release|Any CPU.ActiveCfg = Release|Any CPU
		{157D1E04-EA59-4FFD-8F2A-1E5A6735C943}.Release|Any CPU.Build.0 = Release|Any CPU
		{6C18FEE3-BC90-4CF1-BB36-DC366C4CBBD0}.Debug|Any CPU.ActiveCfg = Debug|Any CPU
		{6C18FEE3-BC90-4CF1-BB36-DC366C4CBBD0}.Debug|Any CPU.Build.0 = Debug|Any CPU
		{6C18FEE3-BC90-4CF1-BB36-DC366C4CBBD0}.Release|Any CPU.ActiveCfg = Release|Any CPU
		{6C18FEE3-BC90-4CF1-BB36-DC366C4CBBD0}.Release|Any CPU.Build.0 = Release|Any CPU
		{3482B846-48F1-4ECA-B2F2-5BF9C7B9E60D}.Debug|Any CPU.ActiveCfg = Debug|Any CPU
		{3482B846-48F1-4ECA-B2F2-5BF9C7B9E60D}.Debug|Any CPU.Build.0 = Debug|Any CPU
		{3482B846-48F1-4ECA-B2F2-5BF9C7B9E60D}.Release|Any CPU.ActiveCfg = Release|Any CPU
		{3482B846-48F1-4ECA-B2F2-5BF9C7B9E60D}.Release|Any CPU.Build.0 = Release|Any CPU
		{EA7940DF-62D5-44BA-BE31-8E54DE210717}.Debug|Any CPU.ActiveCfg = Debug|Any CPU
		{EA7940DF-62D5-44BA-BE31-8E54DE210717}.Debug|Any CPU.Build.0 = Debug|Any CPU
		{EA7940DF-62D5-44BA-BE31-8E54DE210717}.Release|Any CPU.ActiveCfg = Release|Any CPU
		{EA7940DF-62D5-44BA-BE31-8E54DE210717}.Release|Any CPU.Build.0 = Release|Any CPU
		{7F75D3E3-D4D4-4F58-95AA-7C26668423E1}.Debug|Any CPU.ActiveCfg = Debug|Any CPU
		{7F75D3E3-D4D4-4F58-95AA-7C26668423E1}.Debug|Any CPU.Build.0 = Debug|Any CPU
		{7F75D3E3-D4D4-4F58-95AA-7C26668423E1}.Release|Any CPU.ActiveCfg = Release|Any CPU
		{7F75D3E3-D4D4-4F58-95AA-7C26668423E1}.Release|Any CPU.Build.0 = Release|Any CPU
		{C3A85E7F-C3A4-4150-AF4F-B84C86F26DF4}.Debug|Any CPU.ActiveCfg = Debug|Any CPU
		{C3A85E7F-C3A4-4150-AF4F-B84C86F26DF4}.Debug|Any CPU.Build.0 = Debug|Any CPU
		{C3A85E7F-C3A4-4150-AF4F-B84C86F26DF4}.Release|Any CPU.ActiveCfg = Release|Any CPU
		{C3A85E7F-C3A4-4150-AF4F-B84C86F26DF4}.Release|Any CPU.Build.0 = Release|Any CPU
		{FC6F697E-FC30-421A-8AD3-B8816956A8EE}.Debug|Any CPU.ActiveCfg = Debug|Any CPU
		{FC6F697E-FC30-421A-8AD3-B8816956A8EE}.Debug|Any CPU.Build.0 = Debug|Any CPU
		{FC6F697E-FC30-421A-8AD3-B8816956A8EE}.Release|Any CPU.ActiveCfg = Release|Any CPU
		{FC6F697E-FC30-421A-8AD3-B8816956A8EE}.Release|Any CPU.Build.0 = Release|Any CPU
		{012A9B84-693F-436F-8B2C-0A7D435D5168}.Debug|Any CPU.ActiveCfg = Debug|Any CPU
		{012A9B84-693F-436F-8B2C-0A7D435D5168}.Debug|Any CPU.Build.0 = Debug|Any CPU
		{012A9B84-693F-436F-8B2C-0A7D435D5168}.Release|Any CPU.ActiveCfg = Release|Any CPU
		{012A9B84-693F-436F-8B2C-0A7D435D5168}.Release|Any CPU.Build.0 = Release|Any CPU
		{1A5C0F21-BB02-40BE-A8B2-D5D711E5B3D0}.Debug|Any CPU.ActiveCfg = Debug|Any CPU
		{1A5C0F21-BB02-40BE-A8B2-D5D711E5B3D0}.Debug|Any CPU.Build.0 = Debug|Any CPU
		{1A5C0F21-BB02-40BE-A8B2-D5D711E5B3D0}.Release|Any CPU.ActiveCfg = Release|Any CPU
		{1A5C0F21-BB02-40BE-A8B2-D5D711E5B3D0}.Release|Any CPU.Build.0 = Release|Any CPU
		{BAEA0E02-A911-43C6-BC7A-318E5A3EAE3D}.Debug|Any CPU.ActiveCfg = Debug|Any CPU
		{BAEA0E02-A911-43C6-BC7A-318E5A3EAE3D}.Debug|Any CPU.Build.0 = Debug|Any CPU
		{BAEA0E02-A911-43C6-BC7A-318E5A3EAE3D}.Release|Any CPU.ActiveCfg = Release|Any CPU
		{BAEA0E02-A911-43C6-BC7A-318E5A3EAE3D}.Release|Any CPU.Build.0 = Release|Any CPU
		{1A478375-28D5-4AD0-A5BE-5B8361FE639A}.Debug|Any CPU.ActiveCfg = Debug|Any CPU
		{1A478375-28D5-4AD0-A5BE-5B8361FE639A}.Debug|Any CPU.Build.0 = Debug|Any CPU
		{1A478375-28D5-4AD0-A5BE-5B8361FE639A}.Release|Any CPU.ActiveCfg = Release|Any CPU
		{1A478375-28D5-4AD0-A5BE-5B8361FE639A}.Release|Any CPU.Build.0 = Release|Any CPU
		{E32E7D82-4CB2-4D52-95A7-78EF9093E36B}.Debug|Any CPU.ActiveCfg = Debug|Any CPU
		{E32E7D82-4CB2-4D52-95A7-78EF9093E36B}.Debug|Any CPU.Build.0 = Debug|Any CPU
		{E32E7D82-4CB2-4D52-95A7-78EF9093E36B}.Release|Any CPU.ActiveCfg = Release|Any CPU
		{E32E7D82-4CB2-4D52-95A7-78EF9093E36B}.Release|Any CPU.Build.0 = Release|Any CPU
		{C26B6F01-8DAD-4B89-82E0-63E836479648}.Debug|Any CPU.ActiveCfg = Debug|Any CPU
		{C26B6F01-8DAD-4B89-82E0-63E836479648}.Debug|Any CPU.Build.0 = Debug|Any CPU
		{C26B6F01-8DAD-4B89-82E0-63E836479648}.Release|Any CPU.ActiveCfg = Release|Any CPU
		{C26B6F01-8DAD-4B89-82E0-63E836479648}.Release|Any CPU.Build.0 = Release|Any CPU
		{7EA17F7E-7E42-4C29-8D11-97728F23838B}.Debug|Any CPU.ActiveCfg = Debug|Any CPU
		{7EA17F7E-7E42-4C29-8D11-97728F23838B}.Debug|Any CPU.Build.0 = Debug|Any CPU
		{7EA17F7E-7E42-4C29-8D11-97728F23838B}.Release|Any CPU.ActiveCfg = Release|Any CPU
		{7EA17F7E-7E42-4C29-8D11-97728F23838B}.Release|Any CPU.Build.0 = Release|Any CPU
		{90F34181-22D0-4751-B630-F6460D0F061C}.Debug|Any CPU.ActiveCfg = Debug|Any CPU
		{90F34181-22D0-4751-B630-F6460D0F061C}.Debug|Any CPU.Build.0 = Debug|Any CPU
		{90F34181-22D0-4751-B630-F6460D0F061C}.Release|Any CPU.ActiveCfg = Release|Any CPU
		{90F34181-22D0-4751-B630-F6460D0F061C}.Release|Any CPU.Build.0 = Release|Any CPU
		{5DF73476-2BDA-48E2-9B9D-AF8D4980C59A}.Debug|Any CPU.ActiveCfg = Debug|Any CPU
		{5DF73476-2BDA-48E2-9B9D-AF8D4980C59A}.Debug|Any CPU.Build.0 = Debug|Any CPU
		{5DF73476-2BDA-48E2-9B9D-AF8D4980C59A}.Release|Any CPU.ActiveCfg = Release|Any CPU
		{5DF73476-2BDA-48E2-9B9D-AF8D4980C59A}.Release|Any CPU.Build.0 = Release|Any CPU
		{7A306426-9474-418C-A994-A393050CA90C}.Debug|Any CPU.ActiveCfg = Debug|Any CPU
		{7A306426-9474-418C-A994-A393050CA90C}.Debug|Any CPU.Build.0 = Debug|Any CPU
		{7A306426-9474-418C-A994-A393050CA90C}.Release|Any CPU.ActiveCfg = Release|Any CPU
		{7A306426-9474-418C-A994-A393050CA90C}.Release|Any CPU.Build.0 = Release|Any CPU
	EndGlobalSection
	GlobalSection(NestedProjects) = preSolution
		{68B58FF6-8125-44E4-A210-0C7078210CC8} = {B24ADF68-A868-4861-8F8C-0A47622B8C5F}
		{4C26B7F7-A3C2-4E3B-BD15-734942406414} = {B24ADF68-A868-4861-8F8C-0A47622B8C5F}
		{EE1DEFB5-7351-4E33-9D7D-21018DEC94FC} = {09D4F9DE-A417-42D8-85A2-332E88DCD263}
		{E46CC7DB-4C07-45BD-B766-380EE2A9CB81} = {FCCBE787-45D8-453F-A519-D275C37FF996}
		{7C23D413-45D6-454C-9A12-E9B696400ADF} = {E46CC7DB-4C07-45BD-B766-380EE2A9CB81}
		{1821DF39-6946-4F8B-9D9A-9AD562ABEF54} = {E46CC7DB-4C07-45BD-B766-380EE2A9CB81}
		{5D86C105-C9B1-424A-ADE2-70396AE34B1D} = {E46CC7DB-4C07-45BD-B766-380EE2A9CB81}
		{2E049037-A829-4186-8776-13EA8177299A} = {FCCBE787-45D8-453F-A519-D275C37FF996}
		{157D1E04-EA59-4FFD-8F2A-1E5A6735C943} = {2E049037-A829-4186-8776-13EA8177299A}
		{6C18FEE3-BC90-4CF1-BB36-DC366C4CBBD0} = {2E049037-A829-4186-8776-13EA8177299A}
		{3482B846-48F1-4ECA-B2F2-5BF9C7B9E60D} = {2E049037-A829-4186-8776-13EA8177299A}
		{D8CC9596-D0AB-4183-8FA7-0B767C6F5FBC} = {FCCBE787-45D8-453F-A519-D275C37FF996}
		{EA7940DF-62D5-44BA-BE31-8E54DE210717} = {D8CC9596-D0AB-4183-8FA7-0B767C6F5FBC}
		{7F75D3E3-D4D4-4F58-95AA-7C26668423E1} = {D8CC9596-D0AB-4183-8FA7-0B767C6F5FBC}
		{C3A85E7F-C3A4-4150-AF4F-B84C86F26DF4} = {D8CC9596-D0AB-4183-8FA7-0B767C6F5FBC}
		{F85CB262-C24B-44AC-B812-E9889373AD83} = {FCCBE787-45D8-453F-A519-D275C37FF996}
		{FC6F697E-FC30-421A-8AD3-B8816956A8EE} = {F85CB262-C24B-44AC-B812-E9889373AD83}
		{012A9B84-693F-436F-8B2C-0A7D435D5168} = {F85CB262-C24B-44AC-B812-E9889373AD83}
		{1A5C0F21-BB02-40BE-A8B2-D5D711E5B3D0} = {F85CB262-C24B-44AC-B812-E9889373AD83}
		{DEE6875B-70CF-461B-88FB-2E548F6F762C} = {FCCBE787-45D8-453F-A519-D275C37FF996}
		{BAEA0E02-A911-43C6-BC7A-318E5A3EAE3D} = {DEE6875B-70CF-461B-88FB-2E548F6F762C}
		{1A478375-28D5-4AD0-A5BE-5B8361FE639A} = {DEE6875B-70CF-461B-88FB-2E548F6F762C}
		{E32E7D82-4CB2-4D52-95A7-78EF9093E36B} = {DEE6875B-70CF-461B-88FB-2E548F6F762C}
		{5E7008EB-3A0E-4129-B23D-6569F521336B} = {FCCBE787-45D8-453F-A519-D275C37FF996}
		{C26B6F01-8DAD-4B89-82E0-63E836479648} = {5E7008EB-3A0E-4129-B23D-6569F521336B}
		{7EA17F7E-7E42-4C29-8D11-97728F23838B} = {5E7008EB-3A0E-4129-B23D-6569F521336B}
		{90F34181-22D0-4751-B630-F6460D0F061C} = {5E7008EB-3A0E-4129-B23D-6569F521336B}
		{1C5D17A3-B3F4-44D1-83D0-FE125E359C77} = {FCCBE787-45D8-453F-A519-D275C37FF996}
		{5DF73476-2BDA-48E2-9B9D-AF8D4980C59A} = {1C5D17A3-B3F4-44D1-83D0-FE125E359C77}
		{7A306426-9474-418C-A994-A393050CA90C} = {1C5D17A3-B3F4-44D1-83D0-FE125E359C77}
	EndGlobalSection
EndGlobal
